
Microsoft Visual Studio Solution File, Format Version 12.00
# Visual Studio Version 16
VisualStudioVersion = 16.0.30128.74
MinimumVisualStudioVersion = 10.0.40219.1
Project("{FAE04EC0-301F-11D3-BF4B-00C04F79EFBC}") = "TestAuthen", "TestAuthen\TestAuthen.csproj", "{AED2BC90-8BC2-4452-845A-20F4D265044D}"
EndProject
Global
	GlobalSection(SolutionConfigurationPlatforms) = preSolution
		Debug|Any CPU = Debug|Any CPU
		Release|Any CPU = Release|Any CPU
	EndGlobalSection
	GlobalSection(ProjectConfigurationPlatforms) = postSolution
		{AED2BC90-8BC2-4452-845A-20F4D265044D}.Debug|Any CPU.ActiveCfg = Debug|Any CPU
		{AED2BC90-8BC2-4452-845A-20F4D265044D}.Debug|Any CPU.Build.0 = Debug|Any CPU
		{AED2BC90-8BC2-4452-845A-20F4D265044D}.Release|Any CPU.ActiveCfg = Release|Any CPU
		{AED2BC90-8BC2-4452-845A-20F4D265044D}.Release|Any CPU.Build.0 = Release|Any CPU
	EndGlobalSection
	GlobalSection(SolutionProperties) = preSolution
		HideSolutionNode = FALSE
	EndGlobalSection
	GlobalSection(ExtensibilityGlobals) = postSolution
		SolutionGuid = {8E108098-0CF2-4DBB-8474-63D717B5DE44}
	EndGlobalSection
EndGlobal
